Microsoft Visual Studio Solution File, Format Version 12.00
# Visual Studio Version 17
VisualStudioVersion = 17.5.2.0
MinimumVisualStudioVersion = 10.0.40219.1
Project("{FAE04EC0-301F-11D3-BF4B-00C04F79EFBC}") = "PasswordManagerUI", "PasswordManagerUI.csproj", "{67E9CF59-AF01-F501-1BCB-10C4E6F412DA}"
EndProject
Global
	GlobalSection(SolutionConfigurationPlatforms) = preSolution
		Debug|Any CPU = Debug|Any CPU
		Release|Any CPU = Release|Any CPU
	EndGlobalSection
	GlobalSection(ProjectConfigurationPlatforms) = postSolution
		{67E9CF59-AF01-F501-1BCB-10C4E6F412DA}.Debug|Any CPU.ActiveCfg = Debug|Any CPU
		{67E9CF59-AF01-F501-1BCB-10C4E6F412DA}.Debug|Any CPU.Build.0 = Debug|Any CPU
		{67E9CF59-AF01-F501-1BCB-10C4E6F412DA}.Release|Any CPU.ActiveCfg = Release|Any CPU
		{67E9CF59-AF01-F501-1BCB-10C4E6F412DA}.Release|Any CPU.Build.0 = Release|Any CPU
	EndGlobalSection
	GlobalSection(SolutionProperties) = preSolution
		HideSolutionNode = FALSE
	EndGlobalSection
	GlobalSection(ExtensibilityGlobals) = postSolution
		SolutionGuid = {1DEC17F2-34D9-460E-914F-4037864C3A4F}
	EndGlobalSection
EndGlobal
